
Microsoft Visual Studio Solution File, Format Version 12.00
# Visual Studio Version 16
VisualStudioVersion = 16.0.31402.337
MinimumVisualStudioVersion = 10.0.40219.1
Project("{FAE04EC0-301F-11D3-BF4B-00C04F79EFBC}") = "P01Maze", "P01Maze\P01Maze.csproj", "{77D47589-C32A-423A-AC57-6438435B1B2A}"
EndProject
Project("{FAE04EC0-301F-11D3-BF4B-00C04F79EFBC}") = "P02NFactoriel", "P02NFactoriel\P02NFactoriel.csproj", "{591F5515-BDF6-4BA4-ADCD-9A7171B03822}"
EndProject
Project("{FAE04EC0-301F-11D3-BF4B-00C04F79EFBC}") = "P03Fibonachi", "P03Fibonachi\P03Fibonachi.csproj", "{7D6D8A86-8645-421A-BA85-E72C665244BB}"
EndProject
Project("{FAE04EC0-301F-11D3-BF4B-00C04F79EFBC}") = "P04EightQueensProblem", "P04EightQueensProblem\P04EightQueensProblem.csproj", "{9E694A7E-C14D-4001-B5A9-2B6836222CB1}"
EndProject
Project("{FAE04EC0-301F-11D3-BF4B-00C04F79EFBC}") = "P00RecursionDemo", "P00RecursionDemo\P00RecursionDemo.csproj", "{62C0A85B-127C-4D41-B639-1B62D405D9E5}"
EndProject
Global
	GlobalSection(SolutionConfigurationPlatforms) = preSolution
		Debug|Any CPU = Debug|Any CPU
		Release|Any CPU = Release|Any CPU
	EndGlobalSection
	GlobalSection(ProjectConfigurationPlatforms) = postSolution
		{77D47589-C32A-423A-AC57-6438435B1B2A}.Debug|Any CPU.ActiveCfg = Debug|Any CPU
		{77D47589-C32A-423A-AC57-6438435B1B2A}.Debug|Any CPU.Build.0 = Debug|Any CPU
		{77D47589-C32A-423A-AC57-6438435B1B2A}.Release|Any CPU.ActiveCfg = Release|Any CPU
		{77D47589-C32A-423A-AC57-6438435B1B2A}.Release|Any CPU.Build.0 = Release|Any CPU
		{591F5515-BDF6-4BA4-ADCD-9A7171B03822}.Debug|Any CPU.ActiveCfg = Debug|Any CPU
		{591F5515-BDF6-4BA4-ADCD-9A7171B03822}.Debug|Any CPU.Build.0 = Debug|Any CPU
		{591F5515-BDF6-4BA4-ADCD-9A7171B03822}.Release|Any CPU.ActiveCfg = Release|Any CPU
		{591F5515-BDF6-4BA4-ADCD-9A7171B03822}.Release|Any CPU.Build.0 = Release|Any CPU
		{7D6D8A86-8645-421A-BA85-E72C665244BB}.Debug|Any CPU.ActiveCfg = Debug|Any CPU
		{7D6D8A86-8645-421A-BA85-E72C665244BB}.Debug|Any CPU.Build.0 = Debug|Any CPU
		{7D6D8A86-8645-421A-BA85-E72C665244BB}.Release|Any CPU.ActiveCfg = Release|Any CPU
		{7D6D8A86-8645-421A-BA85-E72C665244BB}.Release|Any CPU.Build.0 = Release|Any CPU
		{9E694A7E-C14D-4001-B5A9-2B6836222CB1}.Debug|Any CPU.ActiveCfg = Debug|Any CPU
		{9E694A7E-C14D-4001-B5A9-2B6836222CB1}.Debug|Any CPU.Build.0 = Debug|Any CPU
		{9E694A7E-C14D-4001-B5A9-2B6836222CB1}.Release|Any CPU.ActiveCfg = Release|Any CPU
		{9E694A7E-C14D-4001-B5A9-2B6836222CB1}.Release|Any CPU.Build.0 = Release|Any CPU
		{62C0A85B-127C-4D41-B639-1B62D405D9E5}.Debug|Any CPU.ActiveCfg = Debug|Any CPU
		{62C0A85B-127C-4D41-B639-1B62D405D9E5}.Debug|Any CPU.Build.0 = Debug|Any CPU
		{62C0A85B-127C-4D41-B639-1B62D405D9E5}.Release|Any CPU.ActiveCfg = Release|Any CPU
		{62C0A85B-127C-4D41-B639-1B62D405D9E5}.Release|Any CPU.Build.0 = Release|Any CPU
	EndGlobalSection
	GlobalSection(SolutionProperties) = preSolution
		HideSolutionNode = FALSE
	EndGlobalSection
	GlobalSection(ExtensibilityGlobals) = postSolution
		SolutionGuid = {17C06265-D4CD-4B88-AC7F-FB5BF064821B}
	EndGlobalSection
EndGlobal
