
Microsoft Visual Studio Solution File, Format Version 12.00
# Visual Studio Version 16
VisualStudioVersion = 16.0.32126.315
MinimumVisualStudioVersion = 10.0.40219.1
Project("{9A19103F-16F7-4668-BE54-9A1E7A4F7556}") = "ImplementList", "DataStructures\ImplementList.csproj", "{543ED02B-5AA0-416E-969E-C8E4C7231B97}"
EndProject
Project("{FAE04EC0-301F-11D3-BF4B-00C04F79EFBC}") = "ImplementLinkedList", "ImplementLinkedList\ImplementLinkedList.csproj", "{633EF114-38B4-4F5A-9638-70CBA6F21BDD}"
EndProject
Global
	GlobalSection(SolutionConfigurationPlatforms) = preSolution
		Debug|Any CPU = Debug|Any CPU
		Release|Any CPU = Release|Any CPU
	EndGlobalSection
	GlobalSection(ProjectConfigurationPlatforms) = postSolution
		{543ED02B-5AA0-416E-969E-C8E4C7231B97}.Debug|Any CPU.ActiveCfg = Debug|Any CPU
		{543ED02B-5AA0-416E-969E-C8E4C7231B97}.Debug|Any CPU.Build.0 = Debug|Any CPU
		{543ED02B-5AA0-416E-969E-C8E4C7231B97}.Release|Any CPU.ActiveCfg = Release|Any CPU
		{543ED02B-5AA0-416E-969E-C8E4C7231B97}.Release|Any CPU.Build.0 = Release|Any CPU
		{633EF114-38B4-4F5A-9638-70CBA6F21BDD}.Debug|Any CPU.ActiveCfg = Debug|Any CPU
		{633EF114-38B4-4F5A-9638-70CBA6F21BDD}.Debug|Any CPU.Build.0 = Debug|Any CPU
		{633EF114-38B4-4F5A-9638-70CBA6F21BDD}.Release|Any CPU.ActiveCfg = Release|Any CPU
		{633EF114-38B4-4F5A-9638-70CBA6F21BDD}.Release|Any CPU.Build.0 = Release|Any CPU
	EndGlobalSection
	GlobalSection(SolutionProperties) = preSolution
		HideSolutionNode = FALSE
	EndGlobalSection
	GlobalSection(ExtensibilityGlobals) = postSolution
		SolutionGuid = {135F322E-1748-4412-B1CA-812D55B625F6}
	EndGlobalSection
EndGlobal
