
Microsoft Visual Studio Solution File, Format Version 12.00
# Visual Studio Version 17
VisualStudioVersion = 17.1.32328.378
MinimumVisualStudioVersion = 10.0.40219.1
Project("{9A19103F-16F7-4668-BE54-9A1E7A4F7556}") = "Recursion", "Algorithms\Recursion.csproj", "{55CD2185-3E38-4F93-A343-49E27B42389A}"
EndProject
Project("{FAE04EC0-301F-11D3-BF4B-00C04F79EFBC}") = "Labirint", "Labirint\Labirint.csproj", "{170F0C09-2B51-4823-9787-4781380FE494}"
EndProject
Global
	GlobalSection(SolutionConfigurationPlatforms) = preSolution
		Debug|Any CPU = Debug|Any CPU
		Release|Any CPU = Release|Any CPU
	EndGlobalSection
	GlobalSection(ProjectConfigurationPlatforms) = postSolution
		{55CD2185-3E38-4F93-A343-49E27B42389A}.Debug|Any CPU.ActiveCfg = Debug|Any CPU
		{55CD2185-3E38-4F93-A343-49E27B42389A}.Debug|Any CPU.Build.0 = Debug|Any CPU
		{55CD2185-3E38-4F93-A343-49E27B42389A}.Release|Any CPU.ActiveCfg = Release|Any CPU
		{55CD2185-3E38-4F93-A343-49E27B42389A}.Release|Any CPU.Build.0 = Release|Any CPU
		{170F0C09-2B51-4823-9787-4781380FE494}.Debug|Any CPU.ActiveCfg = Debug|Any CPU
		{170F0C09-2B51-4823-9787-4781380FE494}.Debug|Any CPU.Build.0 = Debug|Any CPU
		{170F0C09-2B51-4823-9787-4781380FE494}.Release|Any CPU.ActiveCfg = Release|Any CPU
		{170F0C09-2B51-4823-9787-4781380FE494}.Release|Any CPU.Build.0 = Release|Any CPU
	EndGlobalSection
	GlobalSection(SolutionProperties) = preSolution
		HideSolutionNode = FALSE
	EndGlobalSection
	GlobalSection(ExtensibilityGlobals) = postSolution
		SolutionGuid = {3601B764-5645-45EA-AF58-2A18C0A63EC8}
	EndGlobalSection
EndGlobal
