
Microsoft Visual Studio Solution File, Format Version 12.00
# Visual Studio Version 16
VisualStudioVersion = 16.0.31402.337
MinimumVisualStudioVersion = 10.0.40219.1
Project("{FAE04EC0-301F-11D3-BF4B-00C04F79EFBC}") = "P01SumAndAverage", "SumAndAverage\P01SumAndAverage.csproj", "{E8DFD127-C536-4083-B4E2-835B72B6F45D}"
EndProject
Project("{FAE04EC0-301F-11D3-BF4B-00C04F79EFBC}") = "P02SortWords", "P02SortWords\P02SortWords.csproj", "{A499DA85-EE07-4724-88E6-BE90AED85CD1}"
EndProject
Project("{FAE04EC0-301F-11D3-BF4B-00C04F79EFBC}") = "P03LonguestSubsequence", "P03LonguestSubsequence\P03LonguestSubsequence.csproj", "{0B2797FD-4D56-4C0B-A4C6-15E5283B33EA}"
EndProject
Project("{FAE04EC0-301F-11D3-BF4B-00C04F79EFBC}") = "P04RemoveOddOccurences", "P04RemoveOddOccurences\P04RemoveOddOccurences.csproj", "{E8DC9A79-B479-4A9E-A7AA-B30D48AB2366}"
EndProject
Project("{FAE04EC0-301F-11D3-BF4B-00C04F79EFBC}") = "P05CountOfOccurences", "P05CountOfOccurences\P05CountOfOccurences.csproj", "{1C623557-4E94-4522-94CB-777C29D4E9CC}"
EndProject
Project("{FAE04EC0-301F-11D3-BF4B-00C04F79EFBC}") = "P06ImplementTheDataStructureReversedList", "P06ImplementTheDataStructureReversedList\P06ImplementTheDataStructureReversedList.csproj", "{A9ED7C58-85B7-4A93-A4D3-D6EBF589B071}"
EndProject
Global
	GlobalSection(SolutionConfigurationPlatforms) = preSolution
		Debug|Any CPU = Debug|Any CPU
		Release|Any CPU = Release|Any CPU
	EndGlobalSection
	GlobalSection(ProjectConfigurationPlatforms) = postSolution
		{E8DFD127-C536-4083-B4E2-835B72B6F45D}.Debug|Any CPU.ActiveCfg = Debug|Any CPU
		{E8DFD127-C536-4083-B4E2-835B72B6F45D}.Debug|Any CPU.Build.0 = Debug|Any CPU
		{E8DFD127-C536-4083-B4E2-835B72B6F45D}.Release|Any CPU.ActiveCfg = Release|Any CPU
		{E8DFD127-C536-4083-B4E2-835B72B6F45D}.Release|Any CPU.Build.0 = Release|Any CPU
		{A499DA85-EE07-4724-88E6-BE90AED85CD1}.Debug|Any CPU.ActiveCfg = Debug|Any CPU
		{A499DA85-EE07-4724-88E6-BE90AED85CD1}.Debug|Any CPU.Build.0 = Debug|Any CPU
		{A499DA85-EE07-4724-88E6-BE90AED85CD1}.Release|Any CPU.ActiveCfg = Release|Any CPU
		{A499DA85-EE07-4724-88E6-BE90AED85CD1}.Release|Any CPU.Build.0 = Release|Any CPU
		{0B2797FD-4D56-4C0B-A4C6-15E5283B33EA}.Debug|Any CPU.ActiveCfg = Debug|Any CPU
		{0B2797FD-4D56-4C0B-A4C6-15E5283B33EA}.Debug|Any CPU.Build.0 = Debug|Any CPU
		{0B2797FD-4D56-4C0B-A4C6-15E5283B33EA}.Release|Any CPU.ActiveCfg = Release|Any CPU
		{0B2797FD-4D56-4C0B-A4C6-15E5283B33EA}.Release|Any CPU.Build.0 = Release|Any CPU
		{E8DC9A79-B479-4A9E-A7AA-B30D48AB2366}.Debug|Any CPU.ActiveCfg = Debug|Any CPU
		{E8DC9A79-B479-4A9E-A7AA-B30D48AB2366}.Debug|Any CPU.Build.0 = Debug|Any CPU
		{E8DC9A79-B479-4A9E-A7AA-B30D48AB2366}.Release|Any CPU.ActiveCfg = Release|Any CPU
		{E8DC9A79-B479-4A9E-A7AA-B30D48AB2366}.Release|Any CPU.Build.0 = Release|Any CPU
		{1C623557-4E94-4522-94CB-777C29D4E9CC}.Debug|Any CPU.ActiveCfg = Debug|Any CPU
		{1C623557-4E94-4522-94CB-777C29D4E9CC}.Debug|Any CPU.Build.0 = Debug|Any CPU
		{1C623557-4E94-4522-94CB-777C29D4E9CC}.Release|Any CPU.ActiveCfg = Release|Any CPU
		{1C623557-4E94-4522-94CB-777C29D4E9CC}.Release|Any CPU.Build.0 = Release|Any CPU
		{A9ED7C58-85B7-4A93-A4D3-D6EBF589B071}.Debug|Any CPU.ActiveCfg = Debug|Any CPU
		{A9ED7C58-85B7-4A93-A4D3-D6EBF589B071}.Debug|Any CPU.Build.0 = Debug|Any CPU
		{A9ED7C58-85B7-4A93-A4D3-D6EBF589B071}.Release|Any CPU.ActiveCfg = Release|Any CPU
		{A9ED7C58-85B7-4A93-A4D3-D6EBF589B071}.Release|Any CPU.Build.0 = Release|Any CPU
	EndGlobalSection
	GlobalSection(SolutionProperties) = preSolution
		HideSolutionNode = FALSE
	EndGlobalSection
	GlobalSection(ExtensibilityGlobals) = postSolution
		SolutionGuid = {4F722096-A2D2-4B5B-8242-0C453E72CBF3}
	EndGlobalSection
EndGlobal
