
Microsoft Visual Studio Solution File, Format Version 12.00
# Visual Studio Version 16
VisualStudioVersion = 16.0.31402.337
MinimumVisualStudioVersion = 10.0.40219.1
Project("{FAE04EC0-301F-11D3-BF4B-00C04F79EFBC}") = "P01Intro", "P01Intro\P01Intro.csproj", "{C003278A-1078-48EB-969E-726672B84133}"
EndProject
Global
	GlobalSection(SolutionConfigurationPlatforms) = preSolution
		Debug|Any CPU = Debug|Any CPU
		Release|Any CPU = Release|Any CPU
	EndGlobalSection
	GlobalSection(ProjectConfigurationPlatforms) = postSolution
		{C003278A-1078-48EB-969E-726672B84133}.Debug|Any CPU.ActiveCfg = Debug|Any CPU
		{C003278A-1078-48EB-969E-726672B84133}.Debug|Any CPU.Build.0 = Debug|Any CPU
		{C003278A-1078-48EB-969E-726672B84133}.Release|Any CPU.ActiveCfg = Release|Any CPU
		{C003278A-1078-48EB-969E-726672B84133}.Release|Any CPU.Build.0 = Release|Any CPU
	EndGlobalSection
	GlobalSection(SolutionProperties) = preSolution
		HideSolutionNode = FALSE
	EndGlobalSection
	GlobalSection(ExtensibilityGlobals) = postSolution
		SolutionGuid = {1F5DFD91-E14C-46B8-AF13-9C7394DE040B}
	EndGlobalSection
EndGlobal
